PODS:
  - Alamofire (4.7.2)
  - AlamofireObjectMapper (5.0.0):
    - Alamofire (~> 4.1)
    - ObjectMapper (~> 3.0)
  - Kingfisher (4.8.0)
  - ObjectMapper (3.3.0)

DEPENDENCIES:
  - Alamofire
  - AlamofireObjectMapper
  - Kingfisher (~> 4.0)

SPEC REPOS:
  https://github.com/cocoapods/specs.git:
    - Alamofire
    - AlamofireObjectMapper
    - Kingfisher
    - ObjectMapper

SPEC CHECKSUMS:
  Alamofire: e4fa87002c137ba2d8d634d2c51fabcda0d5c223
  AlamofireObjectMapper: 5fafc816351cbbc0d486611aaeba7461c0cbad49
  Kingfisher: 976d828df2b24834c6a3f2fc4d82cdbd26552be1
  ObjectMapper: b612bf8c8e99c4dc0bb6013a51f7c27966ed5da9

PODFILE CHECKSUM: 3581fbfc16967f7306ef26730570bda3cb44cfe7

COCOAPODS: 1.5.3
